// !$*UTF8*$!
{
	archiveVersion = 1;
	classes = {
	};
	objectVersion = 46;
	objects = {

/* Begin PBXBuildFile section */
		63F67D0A1CE77B9700B0A415 /* AppDelegate.swift in Sources */ = {isa = PBXBuildFile; fileRef = 63F67D091CE77B9700B0A415 /* AppDelegate.swift */; };
		63F67D0C1CE77B9700B0A415 /* ViewController.swift in Sources */ = {isa = PBXBuildFile; fileRef = 63F67D0B1CE77B9700B0A415 /* ViewController.swift */; };
		63F67D0F1CE77B9700B0A415 /* Main.storyboard in Resources */ = {isa = PBXBuildFile; fileRef = 63F67D0D1CE77B9700B0A415 /* Main.storyboard */; };
		63F67D111CE77B9700B0A415 /* Assets.xcassets in Resources */ = {isa = PBXBuildFile; fileRef = 63F67D101CE77B9700B0A415 /* Assets.xcassets */; };
		63F67D141CE77B9700B0A415 /* LaunchScreen.storyboard in Resources */ = {isa = PBXBuildFile; fileRef = 63F67D121CE77B9700B0A415 /* LaunchScreen.storyboard */; };
		63F67D1F1CE77B9700B0A415 /* CuideBemTests.swift in Sources */ = {isa = PBXBuildFile; fileRef = 63F67D1E1CE77B9700B0A415 /* CuideBemTests.swift */; };
		63F67D2A1CE77B9700B0A415 /* CuideBemUITests.swift in Sources */ = {isa = PBXBuildFile; fileRef = 63F67D291CE77B9700B0A415 /* CuideBemUITests.swift */; };
		63F67D381CE91EB500B0A415 /* LoginCuidadorViewController.swift in Sources */ = {isa = PBXBuildFile; fileRef = 63F67D371CE91EB500B0A415 /* LoginCuidadorViewController.swift */; };
/* End PBXBuildFile section */

/* Begin PBXContainerItemProxy section */
		63F67D1B1CE77B9700B0A415 /* PBXContainerItemProxy */ = {
			isa = PBXContainerItemProxy;
			containerPortal = 63F67CFE1CE77B9700B0A415 /* Project object */;
			proxyType = 1;
			remoteGlobalIDString = 63F67D051CE77B9700B0A415;
			remoteInfo = CuideBem;
		};
		63F67D261CE77B9700B0A415 /* PBXContainerItemProxy */ = {
			isa = PBXContainerItemProxy;
			containerPortal = 63F67CFE1CE77B9700B0A415 /* Project object */;
			proxyType = 1;
			remoteGlobalIDString = 63F67D051CE77B9700B0A415;
			remoteInfo = CuideBem;
		};
/* End PBXContainerItemProxy section */

/* Begin PBXFileReference section */
		63F67D061CE77B9700B0A415 /* CuideBem.app */ = {isa = PBXFileReference; explicitFileType = wrapper.application; includeInIndex = 0; path = CuideBem.app; sourceTree = BUILT_PRODUCTS_DIR; };
		63F67D091CE77B9700B0A415 /* AppDelegate.swift */ = {isa = PBXFileReference; lastKnownFileType = sourcecode.swift; path = AppDelegate.swift; sourceTree = "<group>"; };
		63F67D0B1CE77B9700B0A415 /* ViewController.swift */ = {isa = PBXFileReference; lastKnownFileType = sourcecode.swift; path = ViewController.swift; sourceTree = "<group>"; };
		63F67D0E1CE77B9700B0A415 /* Base */ = {isa = PBXFileReference; lastKnownFileType = file.storyboard; name = Base; path = Base.lproj/Main.storyboard; sourceTree = "<group>"; };
		63F67D101CE77B9700B0A415 /* Assets.xcassets */ = {isa = PBXFileReference; lastKnownFileType = folder.assetcatalog; path = Assets.xcassets; sourceTree = "<group>"; };
		63F67D131CE77B9700B0A415 /* Base */ = {isa = PBXFileReference; lastKnownFileType = file.storyboard; name = Base; path = Base.lproj/LaunchScreen.storyboard; sourceTree = "<group>"; };
		63F67D151CE77B9700B0A415 /* Info.plist */ = {isa = PBXFileReference; lastKnownFileType = text.plist.xml; path = Info.plist; sourceTree = "<group>"; };
		63F67D1A1CE77B9700B0A415 /* CuideBemTests.xctest */ = {isa = PBXFileReference; explicitFileType = wrapper.cfbundle; includeInIndex = 0; path = CuideBemTests.xctest; sourceTree = BUILT_PRODUCTS_DIR; };
		63F67D1E1CE77B9700B0A415 /* CuideBemTests.swift */ = {isa = PBXFileReference; lastKnownFileType = sourcecode.swift; path = CuideBemTests.swift; sourceTree = "<group>"; };
		63F67D201CE77B9700B0A415 /* Info.plist */ = {isa = PBXFileReference; lastKnownFileType = text.plist.xml; path = Info.plist; sourceTree = "<group>"; };
		63F67D251CE77B9700B0A415 /* CuideBemUITests.xctest */ = {isa = PBXFileReference; explicitFileType = wrapper.cfbundle; includeInIndex = 0; path = CuideBemUITests.xctest; sourceTree = BUILT_PRODUCTS_DIR; };
		63F67D291CE77B9700B0A415 /* CuideBemUITests.swift */ = {isa = PBXFileReference; lastKnownFileType = sourcecode.swift; path = CuideBemUITests.swift; sourceTree = "<group>"; };
		63F67D2B1CE77B9700B0A415 /* Info.plist */ = {isa = PBXFileReference; lastKnownFileType = text.plist.xml; path = Info.plist; sourceTree = "<group>"; };
		63F67D371CE91EB500B0A415 /* LoginCuidadorViewController.swift */ = {isa = PBXFileReference; fileEncoding = 4; lastKnownFileType = sourcecode.swift; path = LoginCuidadorViewController.swift; sourceTree = "<group>"; };
/* End PBXFileReference section */

/* Begin PBXFrameworksBuildPhase section */
		63F67D031CE77B9700B0A415 /* Frameworks */ = {
			isa = PBXFrameworksBuildPhase;
			buildActionMask = 2147483647;
			files = (
			);
			runOnlyForDeploymentPostprocessing = 0;
		};
		63F67D171CE77B9700B0A415 /* Frameworks */ = {
			isa = PBXFrameworksBuildPhase;
			buildActionMask = 2147483647;
			files = (
			);
			runOnlyForDeploymentPostprocessing = 0;
		};
		63F67D221CE77B9700B0A415 /* Frameworks */ = {
			isa = PBXFrameworksBuildPhase;
			buildActionMask = 2147483647;
			files = (
			);
			runOnlyForDeploymentPostprocessing = 0;
		};
/* End PBXFrameworksBuildPhase section */

/* Begin PBXGroup section */
		63F67CFD1CE77B9700B0A415 = {
			isa = PBXGroup;
			children = (
				63F67D081CE77B9700B0A415 /* CuideBem */,
				63F67D1D1CE77B9700B0A415 /* CuideBemTests */,
				63F67D281CE77B9700B0A415 /* CuideBemUITests */,
				63F67D071CE77B9700B0A415 /* Products */,
			);
			sourceTree = "<group>";
		};
		63F67D071CE77B9700B0A415 /* Products */ = {
			isa = PBXGroup;
			children = (
				63F67D061CE77B9700B0A415 /* CuideBem.app */,
				63F67D1A1CE77B9700B0A415 /* CuideBemTests.xctest */,
				63F67D251CE77B9700B0A415 /* CuideBemUITests.xctest */,
			);
			name = Products;
			sourceTree = "<group>";
		};
		63F67D081CE77B9700B0A415 /* CuideBem */ = {
			isa = PBXGroup;
			children = (
				63F67D091CE77B9700B0A415 /* AppDelegate.swift */,
				63F67D0B1CE77B9700B0A415 /* ViewController.swift */,
				63F67D0D1CE77B9700B0A415 /* Main.storyboard */,
				63F67D101CE77B9700B0A415 /* Assets.xcassets */,
				63F67D121CE77B9700B0A415 /* LaunchScreen.storyboard */,
				63F67D151CE77B9700B0A415 /* Info.plist */,
				63F67D371CE91EB500B0A415 /* LoginCuidadorViewController.swift */,
			);
			path = CuideBem;
			sourceTree = "<group>";
		};
		63F67D1D1CE77B9700B0A415 /* CuideBemTests */ = {
			isa = PBXGroup;
			children = (
				63F67D1E1CE77B9700B0A415 /* CuideBemTests.swift */,
				63F67D201CE77B9700B0A415 /* Info.plist */,
			);
			path = CuideBemTests;
			sourceTree = "<group>";
		};
		63F67D281CE77B9700B0A415 /* CuideBemUITests */ = {
			isa = PBXGroup;
			children = (
				63F67D291CE77B9700B0A415 /* CuideBemUITests.swift */,
				63F67D2B1CE77B9700B0A415 /* Info.plist */,
			);
			path = CuideBemUITests;
			sourceTree = "<group>";
		};
/* End PBXGroup section */

/* Begin PBXNativeTarget section */
		63F67D051CE77B9700B0A415 /* CuideBem */ = {
			isa = PBXNativeTarget;
			buildConfigurationList = 63F67D2E1CE77B9700B0A415 /* Build configuration list for PBXNativeTarget "CuideBem" */;
			buildPhases = (
				63F67D021CE77B9700B0A415 /* Sources */,
				63F67D031CE77B9700B0A415 /* Frameworks */,
				63F67D041CE77B9700B0A415 /* Resources */,
			);
			buildRules = (
			);
			dependencies = (
			);
			name = CuideBem;
			productName = CuideBem;
			productReference = 63F67D061CE77B9700B0A415 /* CuideBem.app */;
			productType = "com.apple.product-type.application";
		};
		63F67D191CE77B9700B0A415 /* CuideBemTests */ = {
			isa = PBXNativeTarget;
			buildConfigurationList = 63F67D311CE77B9700B0A415 /* Build configuration list for PBXNativeTarget "CuideBemTests" */;
			buildPhases = (
				63F67D161CE77B9700B0A415 /* Sources */,
				63F67D171CE77B9700B0A415 /* Frameworks */,
				63F67D181CE77B9700B0A415 /* Resources */,
			);
			buildRules = (
			);
			dependencies = (
				63F67D1C1CE77B9700B0A415 /* PBXTargetDependency */,
			);
			name = CuideBemTests;
			productName = CuideBemTests;
			productReference = 63F67D1A1CE77B9700B0A415 /* CuideBemTests.xctest */;
			productType = "com.apple.product-type.bundle.unit-test";
		};
		63F67D241CE77B9700B0A415 /* CuideBemUITests */ = {
			isa = PBXNativeTarget;
			buildConfigurationList = 63F67D341CE77B9700B0A415 /* Build configuration list for PBXNativeTarget "CuideBemUITests" */;
			buildPhases = (
				63F67D211CE77B9700B0A415 /* Sources */,
				63F67D221CE77B9700B0A415 /* Frameworks */,
				63F67D231CE77B9700B0A415 /* Resources */,
			);
			buildRules = (
			);
			dependencies = (
				63F67D271CE77B9700B0A415 /* PBXTargetDependency */,
			);
			name = CuideBemUITests;
			productName = CuideBemUITests;
			productReference = 63F67D251CE77B9700B0A415 /* CuideBemUITests.xctest */;
			productType = "com.apple.product-type.bundle.ui-testing";
		};
/* End PBXNativeTarget section */

/* Begin PBXProject section */
		63F67CFE1CE77B9700B0A415 /* Project object */ = {
			isa = PBXProject;
			attributes = {
				LastSwiftUpdateCheck = 0730;
				LastUpgradeCheck = 0730;
				ORGANIZATIONNAME = "David Barreto";
				TargetAttributes = {
					63F67D051CE77B9700B0A415 = {
						CreatedOnToolsVersion = 7.3;
						DevelopmentTeam = KW5823LNL4;
					};
					63F67D191CE77B9700B0A415 = {
						CreatedOnToolsVersion = 7.3;
						TestTargetID = 63F67D051CE77B9700B0A415;
					};
					63F67D241CE77B9700B0A415 = {
						CreatedOnToolsVersion = 7.3;
						TestTargetID = 63F67D051CE77B9700B0A415;
					};
				};
			};
			buildConfigurationList = 63F67D011CE77B9700B0A415 /* Build configuration list for PBXProject "CuideBem" */;
			compatibilityVersion = "Xcode 3.2";
			developmentRegion = English;
			hasScannedForEncodings = 0;
			knownRegions = (
				en,
				Base,
			);
			mainGroup = 63F67CFD1CE77B9700B0A415;
			productRefGroup = 63F67D071CE77B9700B0A415 /* Products */;
			projectDirPath = "";
			projectRoot = "";
			targets = (
				63F67D051CE77B9700B0A415 /* CuideBem */,
				63F67D191CE77B9700B0A415 /* CuideBemTests */,
				63F67D241CE77B9700B0A415 /* CuideBemUITests */,
			);
		};
/* End PBXProject section */

/* Begin PBXResourcesBuildPhase section */
		63F67D041CE77B9700B0A415 /* Resources */ = {
			isa = PBXResourcesBuildPhase;
			buildActionMask = 2147483647;
			files = (
				63F67D141CE77B9700B0A415 /* LaunchScreen.storyboard in Resources */,
				63F67D111CE77B9700B0A415 /* Assets.xcassets in Resources */,
				63F67D0F1CE77B9700B0A415 /* Main.storyboard in Resources */,
			);
			runOnlyForDeploymentPostprocessing = 0;
		};
		63F67D181CE77B9700B0A415 /* Resources */ = {
			isa = PBXResourcesBuildPhase;
			buildActionMask = 2147483647;
			files = (
			);
			runOnlyForDeploymentPostprocessing = 0;
		};
		63F67D231CE77B9700B0A415 /* Resources */ = {
			isa = PBXResourcesBuildPhase;
			buildActionMask = 2147483647;
			files = (
			);
			runOnlyForDeploymentPostprocessing = 0;
		};
/* End PBXResourcesBuildPhase section */

/* Begin PBXSourcesBuildPhase section */
		63F67D021CE77B9700B0A415 /* Sources */ = {
			isa = PBXSourcesBuildPhase;
			buildActionMask = 2147483647;
			files = (
				63F67D0C1CE77B9700B0A415 /* ViewController.swift in Sources */,
				63F67D381CE91EB500B0A415 /* LoginCuidadorViewController.swift in Sources */,
				63F67D0A1CE77B9700B0A415 /* AppDelegate.swift in Sources */,
			);
			runOnlyForDeploymentPostprocessing = 0;
		};
		63F67D161CE77B9700B0A415 /* Sources */ = {
			isa = PBXSourcesBuildPhase;
			buildActionMask = 2147483647;
			files = (
				63F67D1F1CE77B9700B0A415 /* CuideBemTests.swift in Sources */,
			);
			runOnlyForDeploymentPostprocessing = 0;
		};
		63F67D211CE77B9700B0A415 /* Sources */ = {
			isa = PBXSourcesBuildPhase;
			buildActionMask = 2147483647;
			files = (
				63F67D2A1CE77B9700B0A415 /* CuideBemUITests.swift in Sources */,
			);
			runOnlyForDeploymentPostprocessing = 0;
		};
/* End PBXSourcesBuildPhase section */

/* Begin PBXTargetDependency section */
		63F67D1C1CE77B9700B0A415 /* PBXTargetDependency */ = {
			isa = PBXTargetDependency;
			target = 63F67D051CE77B9700B0A415 /* CuideBem */;
			targetProxy = 63F67D1B1CE77B9700B0A415 /* PBXContainerItemProxy */;
		};
		63F67D271CE77B9700B0A415 /* PBXTargetDependency */ = {
			isa = PBXTargetDependency;
			target = 63F67D051CE77B9700B0A415 /* CuideBem */;
			targetProxy = 63F67D261CE77B9700B0A415 /* PBXContainerItemProxy */;
		};
/* End PBXTargetDependency section */

/* Begin PBXVariantGroup section */
		63F67D0D1CE77B9700B0A415 /* Main.storyboard */ = {
			isa = PBXVariantGroup;
			children = (
				63F67D0E1CE77B9700B0A415 /* Base */,
			);
			name = Main.storyboard;
			sourceTree = "<group>";
		};
		63F67D121CE77B9700B0A415 /* LaunchScreen.storyboard */ = {
			isa = PBXVariantGroup;
			children = (
				63F67D131CE77B9700B0A415 /* Base */,
			);
			name = LaunchScreen.storyboard;
			sourceTree = "<group>";
		};
/* End PBXVariantGroup section */

/* Begin XCBuildConfiguration section */
		63F67D2C1CE77B9700B0A415 /* Debug */ = {
			isa = XCBuildConfiguration;
			buildSettings = {
				ALWAYS_SEARCH_USER_PATHS = NO;
				CLANG_ANALYZER_NONNULL = YES;
				CLANG_CXX_LANGUAGE_STANDARD = "gnu++0x";
				CLANG_CXX_LIBRARY = "libc++";
				CLANG_ENABLE_MODULES = YES;
				CLANG_ENABLE_OBJC_ARC = YES;
				CLANG_WARN_BOOL_CONVERSION = YES;
				CLANG_WARN_CONSTANT_CONVERSION = YES;
				CLANG_WARN_DIRECT_OBJC_ISA_USAGE = YES_ERROR;
				CLANG_WARN_EMPTY_BODY = YES;
				CLANG_WARN_ENUM_CONVERSION = YES;
				CLANG_WARN_INT_CONVERSION = YES;
				CLANG_WARN_OBJC_ROOT_CLASS = YES_ERROR;
				CLANG_WARN_UNREACHABLE_CODE = YES;
				CLANG_WARN__DUPLICATE_METHOD_MATCH = YES;
				"CODE_SIGN_IDENTITY[sdk=iphoneos*]" = "iPhone Developer";
				COPY_PHASE_STRIP = NO;
				DEBUG_INFORMATION_FORMAT = dwarf;
				ENABLE_STRICT_OBJC_MSGSEND = YES;
				ENABLE_TESTABILITY = YES;
				GCC_C_LANGUAGE_STANDARD = gnu99;
				GCC_DYNAMIC_NO_PIC = NO;
				GCC_NO_COMMON_BLOCKS = YES;
				GCC_OPTIMIZATION_LEVEL = 0;
				GCC_PREPROCESSOR_DEFINITIONS = (
					"DEBUG=1",
					"$(inherited)",
				);
				GCC_WARN_64_TO_32_BIT_CONVERSION = YES;
				GCC_WARN_ABOUT_RETURN_TYPE = YES_ERROR;
				GCC_WARN_UNDECLARED_SELECTOR = YES;
				GCC_WARN_UNINITIALIZED_AUTOS = YES_AGGRESSIVE;
				GCC_WARN_UNUSED_FUNCTION = YES;
				GCC_WARN_UNUSED_VARIABLE = YES;
				IPHONEOS_DEPLOYMENT_TARGET = 9.3;
				MTL_ENABLE_DEBUG_INFO = YES;
				ONLY_ACTIVE_ARCH = YES;
				SDKROOT = iphoneos;
				SWIFT_OPTIMIZATION_LEVEL = "-Onone";
			};
			name = Debug;
		};
		63F67D2D1CE77B9700B0A415 /* Release */ = {
			isa = XCBuildConfiguration;
			buildSettings = {
				ALWAYS_SEARCH_USER_PATHS = NO;
				CLANG_ANALYZER_NONNULL = YES;
				CLANG_CXX_LANGUAGE_STANDARD = "gnu++0x";
				CLANG_CXX_LIBRARY = "libc++";
				CLANG_ENABLE_MODULES = YES;
				CLANG_ENABLE_OBJC_ARC = YES;
				CLANG_WARN_BOOL_CONVERSION = YES;
				CLANG_WARN_CONSTANT_CONVERSION = YES;
				CLANG_WARN_DIRECT_OBJC_ISA_USAGE = YES_ERROR;
				CLANG_WARN_EMPTY_BODY = YES;
				CLANG_WARN_ENUM_CONVERSION = YES;
				CLANG_WARN_INT_CONVERSION = YES;
				CLANG_WARN_OBJC_ROOT_CLASS = YES_ERROR;
				CLANG_WARN_UNREACHABLE_CODE = YES;
				CLANG_WARN__DUPLICATE_METHOD_MATCH = YES;
				"CODE_SIGN_IDENTITY[sdk=iphoneos*]" = "iPhone Developer";
				COPY_PHASE_STRIP = NO;
				DEBUG_INFORMATION_FORMAT = "dwarf-with-dsym";
				ENABLE_NS_ASSERTIONS = NO;
				ENABLE_STRICT_OBJC_MSGSEND = YES;
				GCC_C_LANGUAGE_STANDARD = gnu99;
				GCC_NO_COMMON_BLOCKS = YES;
				GCC_WARN_64_TO_32_BIT_CONVERSION = YES;
				GCC_WARN_ABOUT_RETURN_TYPE = YES_ERROR;
				GCC_WARN_UNDECLARED_SELECTOR = YES;
				GCC_WARN_UNINITIALIZED_AUTOS = YES_AGGRESSIVE;
				GCC_WARN_UNUSED_FUNCTION = YES;
				GCC_WARN_UNUSED_VARIABLE = YES;
				IPHONEOS_DEPLOYMENT_TARGET = 9.3;
				MTL_ENABLE_DEBUG_INFO = NO;
				SDKROOT = iphoneos;
				VALIDATE_PRODUCT = YES;
			};
			name = Release;
		};
		63F67D2F1CE77B9700B0A415 /* Debug */ = {
			isa = XCBuildConfiguration;
			buildSettings = {
				ASSETCATALOG_COMPILER_APPICON_NAME = AppIcon;
				ASSETCATALOG_COMPILER_LAUNCHIMAGE_NAME = "Brand Assets";
				CODE_SIGN_IDENTITY = "iPhone Developer";
				INFOPLIST_FILE = CuideBem/Info.plist;
				LD_RUNPATH_SEARCH_PATHS = "$(inherited) @executable_path/Frameworks";
				PRODUCT_BUNDLE_IDENTIFIER = br.com.cuidebem.CuideBem;
				PRODUCT_NAME = "$(TARGET_NAME)";
			};
			name = Debug;
		};
		63F67D301CE77B9700B0A415 /* Release */ = {
			isa = XCBuildConfiguration;
			buildSettings = {
				ASSETCATALOG_COMPILER_APPICON_NAME = AppIcon;
				ASSETCATALOG_COMPILER_LAUNCHIMAGE_NAME = "Brand Assets";
				CODE_SIGN_IDENTITY = "iPhone Developer";
				INFOPLIST_FILE = CuideBem/Info.plist;
				LD_RUNPATH_SEARCH_PATHS = "$(inherited) @executable_path/Frameworks";
				PRODUCT_BUNDLE_IDENTIFIER = br.com.cuidebem.CuideBem;
				PRODUCT_NAME = "$(TARGET_NAME)";
			};
			name = Release;
		};
		63F67D321CE77B9700B0A415 /* Debug */ = {
			isa = XCBuildConfiguration;
			buildSettings = {
				BUNDLE_LOADER = "$(TEST_HOST)";
				INFOPLIST_FILE = CuideBemTests/Info.plist;
				LD_RUNPATH_SEARCH_PATHS = "$(inherited) @executable_path/Frameworks @loader_path/Frameworks";
				PRODUCT_BUNDLE_IDENTIFIER = br.com.cuidebem.CuideBemTests;
				PRODUCT_NAME = "$(TARGET_NAME)";
				TEST_HOST = "$(BUILT_PRODUCTS_DIR)/CuideBem.app/CuideBem";
			};
			name = Debug;
		};
		63F67D331CE77B9700B0A415 /* Release */ = {
			isa = XCBuildConfiguration;
			buildSettings = {
				BUNDLE_LOADER = "$(TEST_HOST)";
				INFOPLIST_FILE = CuideBemTests/Info.plist;
				LD_RUNPATH_SEARCH_PATHS = "$(inherited) @executable_path/Frameworks @loader_path/Frameworks";
				PRODUCT_BUNDLE_IDENTIFIER = br.com.cuidebem.CuideBemTests;
				PRODUCT_NAME = "$(TARGET_NAME)";
				TEST_HOST = "$(BUILT_PRODUCTS_DIR)/CuideBem.app/CuideBem";
			};
			name = Release;
		};
		63F67D351CE77B9700B0A415 /* Debug */ = {
			isa = XCBuildConfiguration;
			buildSettings = {
				INFOPLIST_FILE = CuideBemUITests/Info.plist;
				LD_RUNPATH_SEARCH_PATHS = "$(inherited) @executable_path/Frameworks @loader_path/Frameworks";
				PRODUCT_BUNDLE_IDENTIFIER = br.com.cuidebem.CuideBemUITests;
				PRODUCT_NAME = "$(TARGET_NAME)";
				TEST_TARGET_NAME = CuideBem;
			};
			name = Debug;
		};
		63F67D361CE77B9700B0A415 /* Release */ = {
			isa = XCBuildConfiguration;
			buildSettings = {
				INFOPLIST_FILE = CuideBemUITests/Info.plist;
				LD_RUNPATH_SEARCH_PATHS = "$(inherited) @executable_path/Frameworks @loader_path/Frameworks";
				PRODUCT_BUNDLE_IDENTIFIER = br.com.cuidebem.CuideBemUITests;
				PRODUCT_NAME = "$(TARGET_NAME)";
				TEST_TARGET_NAME = CuideBem;
			};
			name = Release;
		};
/* End XCBuildConfiguration section */

/* Begin XCConfigurationList section */
		63F67D011CE77B9700B0A415 /* Build configuration list for PBXProject "CuideBem" */ = {
			isa = XCConfigurationList;
			buildConfigurations = (
				63F67D2C1CE77B9700B0A415 /* Debug */,
				63F67D2D1CE77B9700B0A415 /* Release */,
			);
			defaultConfigurationIsVisible = 0;
			defaultConfigurationName = Release;
		};
		63F67D2E1CE77B9700B0A415 /* Build configuration list for PBXNativeTarget "CuideBem" */ = {
			isa = XCConfigurationList;
			buildConfigurations = (
				63F67D2F1CE77B9700B0A415 /* Debug */,
				63F67D301CE77B9700B0A415 /* Release */,
			);
			defaultConfigurationIsVisible = 0;
			defaultConfigurationName = Release;
		};
		63F67D311CE77B9700B0A415 /* Build configuration list for PBXNativeTarget "CuideBemTests" */ = {
			isa = XCConfigurationList;
			buildConfigurations = (
				63F67D321CE77B9700B0A415 /* Debug */,
				63F67D331CE77B9700B0A415 /* Release */,
			);
			defaultConfigurationIsVisible = 0;
			defaultConfigurationName = Release;
		};
		63F67D341CE77B9700B0A415 /* Build configuration list for PBXNativeTarget "CuideBemUITests" */ = {
			isa = XCConfigurationList;
			buildConfigurations = (
				63F67D351CE77B9700B0A415 /* Debug */,
				63F67D361CE77B9700B0A415 /* Release */,
			);
			defaultConfigurationIsVisible = 0;
			defaultConfigurationName = Release;
		};
/* End XCConfigurationList section */
	};
	rootObject = 63F67CFE1CE77B9700B0A415 /* Project object */;
}
